// !$*UTF8*$!
{
	archiveVersion = 1;
	classes = {
	};
	objectVersion = 50;
	objects = {

/* Begin PBXBuildFile section */
		8CB3DB3355A76C4CA3B304FE /* Pods_LittleThings.framework in Frameworks */ = {isa = PBXBuildFile; fileRef = 0016527CE55CF615DA4C251D /* Pods_LittleThings.framework */; };
		FC34F818210FD82300455F8C /* FavoritesTableViewController.swift in Sources */ = {isa = PBXBuildFile; fileRef = FC34F817210FD82200455F8C /* FavoritesTableViewController.swift */; };
		FC34F81D2110CEE400455F8C /* LeckerliOne-Regular.ttf in Resources */ = {isa = PBXBuildFile; fileRef = FC34F81C2110CEE300455F8C /* LeckerliOne-Regular.ttf */; };
		FC34F8222110D02C00455F8C /* Quicksand-Bold.ttf in Resources */ = {isa = PBXBuildFile; fileRef = FC34F81E2110D02300455F8C /* Quicksand-Bold.ttf */; };
		FC34F8232110D02C00455F8C /* Quicksand-Light.ttf in Resources */ = {isa = PBXBuildFile; fileRef = FC34F81F2110D02600455F8C /* Quicksand-Light.ttf */; };
		FC34F8242110D02C00455F8C /* Quicksand-Medium.ttf in Resources */ = {isa = PBXBuildFile; fileRef = FC34F8202110D02800455F8C /* Quicksand-Medium.ttf */; };
		FC34F8252110D02C00455F8C /* Quicksand-Regular.ttf in Resources */ = {isa = PBXBuildFile; fileRef = FC34F8212110D02A00455F8C /* Quicksand-Regular.ttf */; };
		FC34F8272111240800455F8C /* DisplayFavoritedDayViewController.swift in Sources */ = {isa = PBXBuildFile; fileRef = FC34F8262111240800455F8C /* DisplayFavoritedDayViewController.swift */; };
		FC34F829211379A400455F8C /* DisplayActOfKindnessViewController.swift in Sources */ = {isa = PBXBuildFile; fileRef = FC34F828211379A300455F8C /* DisplayActOfKindnessViewController.swift */; };
		FC34F82B2113870900455F8C /* CreateEvent.swift in Sources */ = {isa = PBXBuildFile; fileRef = FC34F82A2113870900455F8C /* CreateEvent.swift */; };
		FC34F82D2113A5A700455F8C /* DisplayComplimentViewController.swift in Sources */ = {isa = PBXBuildFile; fileRef = FC34F82C2113A5A700455F8C /* DisplayComplimentViewController.swift */; };
		FC34F8342115147C00455F8C /* vector-cloud-png.png in Resources */ = {isa = PBXBuildFile; fileRef = FC34F8332115147C00455F8C /* vector-cloud-png.png */; };
		FC3AD70D2118C309003F41A3 /* Montserrat-Bold.ttf in Resources */ = {isa = PBXBuildFile; fileRef = FC3AD7082118C2FE003F41A3 /* Montserrat-Bold.ttf */; };
		FC3AD70E2118C309003F41A3 /* Montserrat-SemiBold.ttf in Resources */ = {isa = PBXBuildFile; fileRef = FC3AD7092118C300003F41A3 /* Montserrat-SemiBold.ttf */; };
		FC3AD70F2118C309003F41A3 /* Montserrat-Light.ttf in Resources */ = {isa = PBXBuildFile; fileRef = FC3AD70A2118C303003F41A3 /* Montserrat-Light.ttf */; };
		FC3AD7102118C309003F41A3 /* Montserrat-Medium.ttf in Resources */ = {isa = PBXBuildFile; fileRef = FC3AD70B2118C305003F41A3 /* Montserrat-Medium.ttf */; };
		FC3AD7112118C309003F41A3 /* Montserrat-Regular.ttf in Resources */ = {isa = PBXBuildFile; fileRef = FC3AD70C2118C307003F41A3 /* Montserrat-Regular.ttf */; };
		FC3AD7132118C55C003F41A3 /* icons8-plus-24 (1).png in Resources */ = {isa = PBXBuildFile; fileRef = FC3AD7122118C55C003F41A3 /* icons8-plus-24 (1).png */; };
		FC3AD7152118FFD7003F41A3 /* DisplayAdviceViewController.swift in Sources */ = {isa = PBXBuildFile; fileRef = FC3AD7142118FFD7003F41A3 /* DisplayAdviceViewController.swift */; };
		FC3AD717211A31A0003F41A3 /* DisplayEventDayCollectionViewCell.swift in Sources */ = {isa = PBXBuildFile; fileRef = FC3AD716211A31A0003F41A3 /* DisplayEventDayCollectionViewCell.swift */; };
		FC4B7A00210586BD0066D359 /* ActivitiesMain.storyboard in Resources */ = {isa = PBXBuildFile; fileRef = FC4B79FF210586BD0066D359 /* ActivitiesMain.storyboard */; };
		FC4B7A02210587020066D359 /* MainViewController.swift in Sources */ = {isa = PBXBuildFile; fileRef = FC4B7A01210587020066D359 /* MainViewController.swift */; };
		FC4B7A06210587E90066D359 /* DisplayEventViewController.swift in Sources */ = {isa = PBXBuildFile; fileRef = FC4B7A05210587E90066D359 /* DisplayEventViewController.swift */; };
		FC4B7A082105956C0066D359 /* EventDayViewController.swift in Sources */ = {isa = PBXBuildFile; fileRef = FC4B7A072105956C0066D359 /* EventDayViewController.swift */; };
		FC4B7A0A210595840066D359 /* ActivitiesMainViewController.swift in Sources */ = {isa = PBXBuildFile; fileRef = FC4B7A09210595840066D359 /* ActivitiesMainViewController.swift */; };
		FC4B7A18210597630066D359 /* ListFavoritesTableViewCell.swift in Sources */ = {isa = PBXBuildFile; fileRef = FC4B7A17210597630066D359 /* ListFavoritesTableViewCell.swift */; };
		FC4B7A1B21064E430066D359 /* CoreDataHelper.swift in Sources */ = {isa = PBXBuildFile; fileRef = FC4B7A1A21064E430066D359 /* CoreDataHelper.swift */; };
		FC4B7A1D21068A6E0066D359 /* Alerts.swift in Sources */ = {isa = PBXBuildFile; fileRef = FC4B7A1C21068A6E0066D359 /* Alerts.swift */; };
		FC4B7A1F2107C7FB0066D359 /* GoogleService-Info.plist in Resources */ = {isa = PBXBuildFile; fileRef = FC4B7A1E2107C7FA0066D359 /* GoogleService-Info.plist */; };
		FCE153042105829A008682EB /* AppDelegate.swift in Sources */ = {isa = PBXBuildFile; fileRef = FCE153032105829A008682EB /* AppDelegate.swift */; };
		FCE153092105829A008682EB /* Main.storyboard in Resources */ = {isa = PBXBuildFile; fileRef = FCE153072105829A008682EB /* Main.storyboard */; };
		FCE1530C2105829A008682EB /* LittleThings.xcdatamodeld in Sources */ = {isa = PBXBuildFile; fileRef = FCE1530A2105829A008682EB /* LittleThings.xcdatamodeld */; };
		FCE1530E210582A7008682EB /* Assets.xcassets in Resources */ = {isa = PBXBuildFile; fileRef = FCE1530D210582A7008682EB /* Assets.xcassets */; };
		FCE15311210582A7008682EB /* LaunchScreen.storyboard in Resources */ = {isa = PBXBuildFile; fileRef = FCE1530F210582A7008682EB /* LaunchScreen.storyboard */; };
/* End PBXBuildFile section */

/* Begin PBXFileReference section */
		0016527CE55CF615DA4C251D /* Pods_LittleThings.framework */ = {isa = PBXFileReference; explicitFileType = wrapper.framework; includeInIndex = 0; path = Pods_LittleThings.framework; sourceTree = BUILT_PRODUCTS_DIR; };
		59B4E1E67720E2845ADC1762 /* Pods-LittleThings.debug.xcconfig */ = {isa = PBXFileReference; includeInIndex = 1; lastKnownFileType = text.xcconfig; name = "Pods-LittleThings.debug.xcconfig"; path = "Pods/Target Support Files/Pods-LittleThings/Pods-LittleThings.debug.xcconfig"; sourceTree = "<group>"; };
		5B8E6826D2682BC9C4A68098 /* Pods-LittleThings.release.xcconfig */ = {isa = PBXFileReference; includeInIndex = 1; lastKnownFileType = text.xcconfig; name = "Pods-LittleThings.release.xcconfig"; path = "Pods/Target Support Files/Pods-LittleThings/Pods-LittleThings.release.xcconfig"; sourceTree = "<group>"; };
		FC34F817210FD82200455F8C /* FavoritesTableViewController.swift */ = {isa = PBXFileReference; lastKnownFileType = sourcecode.swift; path = FavoritesTableViewController.swift; sourceTree = "<group>"; };
		FC34F81C2110CEE300455F8C /* LeckerliOne-Regular.ttf */ = {isa = PBXFileReference; lastKnownFileType = file; path = "LeckerliOne-Regular.ttf"; sourceTree = "<group>"; };
		FC34F81E2110D02300455F8C /* Quicksand-Bold.ttf */ = {isa = PBXFileReference; lastKnownFileType = file; path = "Quicksand-Bold.ttf"; sourceTree = "<group>"; };
		FC34F81F2110D02600455F8C /* Quicksand-Light.ttf */ = {isa = PBXFileReference; lastKnownFileType = file; path = "Quicksand-Light.ttf"; sourceTree = "<group>"; };
		FC34F8202110D02800455F8C /* Quicksand-Medium.ttf */ = {isa = PBXFileReference; lastKnownFileType = file; path = "Quicksand-Medium.ttf"; sourceTree = "<group>"; };
		FC34F8212110D02A00455F8C /* Quicksand-Regular.ttf */ = {isa = PBXFileReference; lastKnownFileType = file; path = "Quicksand-Regular.ttf"; sourceTree = "<group>"; };
		FC34F8262111240800455F8C /* DisplayFavoritedDayViewController.swift */ = {isa = PBXFileReference; lastKnownFileType = sourcecode.swift; path = DisplayFavoritedDayViewController.swift; sourceTree = "<group>"; };
		FC34F828211379A300455F8C /* DisplayActOfKindnessViewController.swift */ = {isa = PBXFileReference; lastKnownFileType = sourcecode.swift; path = DisplayActOfKindnessViewController.swift; sourceTree = "<group>"; };
		FC34F82A2113870900455F8C /* CreateEvent.swift */ = {isa = PBXFileReference; lastKnownFileType = sourcecode.swift; path = CreateEvent.swift; sourceTree = "<group>"; };
		FC34F82C2113A5A700455F8C /* DisplayComplimentViewController.swift */ = {isa = PBXFileReference; lastKnownFileType = sourcecode.swift; path = DisplayComplimentViewController.swift; sourceTree = "<group>"; };
		FC34F8332115147C00455F8C /* vector-cloud-png.png */ = {isa = PBXFileReference; lastKnownFileType = image.png; path = "vector-cloud-png.png"; sourceTree = "<group>"; };
		FC3AD7082118C2FE003F41A3 /* Montserrat-Bold.ttf */ = {isa = PBXFileReference; lastKnownFileType = file; path = "Montserrat-Bold.ttf"; sourceTree = "<group>"; };
		FC3AD7092118C300003F41A3 /* Montserrat-SemiBold.ttf */ = {isa = PBXFileReference; lastKnownFileType = file; path = "Montserrat-SemiBold.ttf"; sourceTree = "<group>"; };
		FC3AD70A2118C303003F41A3 /* Montserrat-Light.ttf */ = {isa = PBXFileReference; lastKnownFileType = file; path = "Montserrat-Light.ttf"; sourceTree = "<group>"; };
		FC3AD70B2118C305003F41A3 /* Montserrat-Medium.ttf */ = {isa = PBXFileReference; lastKnownFileType = file; path = "Montserrat-Medium.ttf"; sourceTree = "<group>"; };
		FC3AD70C2118C307003F41A3 /* Montserrat-Regular.ttf */ = {isa = PBXFileReference; lastKnownFileType = file; path = "Montserrat-Regular.ttf"; sourceTree = "<group>"; };
		FC3AD7122118C55C003F41A3 /* icons8-plus-24 (1).png */ = {isa = PBXFileReference; lastKnownFileType = image.png; path = "icons8-plus-24 (1).png"; sourceTree = "<group>"; };
		FC3AD7142118FFD7003F41A3 /* DisplayAdviceViewController.swift */ = {isa = PBXFileReference; lastKnownFileType = sourcecode.swift; path = DisplayAdviceViewController.swift; sourceTree = "<group>"; };
		FC3AD716211A31A0003F41A3 /* DisplayEventDayCollectionViewCell.swift */ = {isa = PBXFileReference; lastKnownFileType = sourcecode.swift; path = DisplayEventDayCollectionViewCell.swift; sourceTree = "<group>"; };
		FC4B79FF210586BD0066D359 /* ActivitiesMain.storyboard */ = {isa = PBXFileReference; lastKnownFileType = file.storyboard; path = ActivitiesMain.storyboard; sourceTree = "<group>"; };
		FC4B7A01210587020066D359 /* MainViewController.swift */ = {isa = PBXFileReference; lastKnownFileType = sourcecode.swift; path = MainViewController.swift; sourceTree = "<group>"; };
		FC4B7A05210587E90066D359 /* DisplayEventViewController.swift */ = {isa = PBXFileReference; lastKnownFileType = sourcecode.swift; path = DisplayEventViewController.swift; sourceTree = "<group>"; };
		FC4B7A072105956C0066D359 /* EventDayViewController.swift */ = {isa = PBXFileReference; lastKnownFileType = sourcecode.swift; path = EventDayViewController.swift; sourceTree = "<group>"; };
		FC4B7A09210595840066D359 /* ActivitiesMainViewController.swift */ = {isa = PBXFileReference; lastKnownFileType = sourcecode.swift; path = ActivitiesMainViewController.swift; sourceTree = "<group>"; };
		FC4B7A17210597630066D359 /* ListFavoritesTableViewCell.swift */ = {isa = PBXFileReference; lastKnownFileType = sourcecode.swift; path = ListFavoritesTableViewCell.swift; sourceTree = "<group>"; };
		FC4B7A1A21064E430066D359 /* CoreDataHelper.swift */ = {isa = PBXFileReference; lastKnownFileType = sourcecode.swift; path = CoreDataHelper.swift; sourceTree = "<group>"; };
		FC4B7A1C21068A6E0066D359 /* Alerts.swift */ = {isa = PBXFileReference; lastKnownFileType = sourcecode.swift; path = Alerts.swift; sourceTree = "<group>"; };
		FC4B7A1E2107C7FA0066D359 /* GoogleService-Info.plist */ = {isa = PBXFileReference; fileEncoding = 4; lastKnownFileType = text.plist.xml; path = "GoogleService-Info.plist"; sourceTree = "<group>"; };
		FCE153002105829A008682EB /* LittleThings.app */ = {isa = PBXFileReference; explicitFileType = wrapper.application; includeInIndex = 0; path = LittleThings.app; sourceTree = BUILT_PRODUCTS_DIR; };
		FCE153032105829A008682EB /* AppDelegate.swift */ = {isa = PBXFileReference; lastKnownFileType = sourcecode.swift; path = AppDelegate.swift; sourceTree = "<group>"; };
		FCE153082105829A008682EB /* Base */ = {isa = PBXFileReference; lastKnownFileType = file.storyboard; name = Base; path = Base.lproj/Main.storyboard; sourceTree = "<group>"; };
		FCE1530B2105829A008682EB /* LittleThings.xcdatamodel */ = {isa = PBXFileReference; lastKnownFileType = wrapper.xcdatamodel; path = LittleThings.xcdatamodel; sourceTree = "<group>"; };
		FCE1530D210582A7008682EB /* Assets.xcassets */ = {isa = PBXFileReference; lastKnownFileType = folder.assetcatalog; path = Assets.xcassets; sourceTree = "<group>"; };
		FCE15310210582A7008682EB /* Base */ = {isa = PBXFileReference; lastKnownFileType = file.storyboard; name = Base; path = Base.lproj/LaunchScreen.storyboard; sourceTree = "<group>"; };
		FCE15312210582A7008682EB /* Info.plist */ = {isa = PBXFileReference; lastKnownFileType = text.plist.xml; path = Info.plist; sourceTree = "<group>"; };
/* End PBXFileReference section */

/* Begin PBXFrameworksBuildPhase section */
		FCE152FD2105829A008682EB /* Frameworks */ = {
			isa = PBXFrameworksBuildPhase;
			buildActionMask = 2147483647;
			files = (
				8CB3DB3355A76C4CA3B304FE /* Pods_LittleThings.framework in Frameworks */,
			);
			runOnlyForDeploymentPostprocessing = 0;
		};
/* End PBXFrameworksBuildPhase section */

/* Begin PBXGroup section */
		0F2735DEBBE6CA426AFDAA5C /* Pods */ = {
			isa = PBXGroup;
			children = (
				59B4E1E67720E2845ADC1762 /* Pods-LittleThings.debug.xcconfig */,
				5B8E6826D2682BC9C4A68098 /* Pods-LittleThings.release.xcconfig */,
			);
			name = Pods;
			sourceTree = "<group>";
		};
		40C4DF8C8CC3896E3A64697A /* Frameworks */ = {
			isa = PBXGroup;
			children = (
				0016527CE55CF615DA4C251D /* Pods_LittleThings.framework */,
			);
			name = Frameworks;
			sourceTree = "<group>";
		};
		FC34F81B2110CEB500455F8C /* Fonts */ = {
			isa = PBXGroup;
			children = (
				FC3AD7082118C2FE003F41A3 /* Montserrat-Bold.ttf */,
				FC3AD70A2118C303003F41A3 /* Montserrat-Light.ttf */,
				FC3AD70B2118C305003F41A3 /* Montserrat-Medium.ttf */,
				FC3AD70C2118C307003F41A3 /* Montserrat-Regular.ttf */,
				FC3AD7092118C300003F41A3 /* Montserrat-SemiBold.ttf */,
				FC34F81E2110D02300455F8C /* Quicksand-Bold.ttf */,
				FC34F8212110D02A00455F8C /* Quicksand-Regular.ttf */,
				FC34F81C2110CEE300455F8C /* LeckerliOne-Regular.ttf */,
				FC34F81F2110D02600455F8C /* Quicksand-Light.ttf */,
				FC34F8202110D02800455F8C /* Quicksand-Medium.ttf */,
			);
			path = Fonts;
			sourceTree = "<group>";
		};
		FC34F82E2114DBA100455F8C /* Images */ = {
			isa = PBXGroup;
			children = (
				FC3AD7122118C55C003F41A3 /* icons8-plus-24 (1).png */,
				FC34F8332115147C00455F8C /* vector-cloud-png.png */,
			);
			path = Images;
			sourceTree = "<group>";
		};
		FC4B79FB2105865A0066D359 /* Storyboards */ = {
			isa = PBXGroup;
			children = (
				FCE1530F210582A7008682EB /* LaunchScreen.storyboard */,
				FCE153072105829A008682EB /* Main.storyboard */,
				FC4B79FF210586BD0066D359 /* ActivitiesMain.storyboard */,
			);
			path = Storyboards;
			sourceTree = "<group>";
		};
		FC4B79FC210586600066D359 /* Controllers */ = {
			isa = PBXGroup;
			children = (
				FC4B7A01210587020066D359 /* MainViewController.swift */,
				FC4B7A05210587E90066D359 /* DisplayEventViewController.swift */,
				FC4B7A072105956C0066D359 /* EventDayViewController.swift */,
				FC4B7A09210595840066D359 /* ActivitiesMainViewController.swift */,
				FC34F817210FD82200455F8C /* FavoritesTableViewController.swift */,
				FC34F8262111240800455F8C /* DisplayFavoritedDayViewController.swift */,
				FC34F828211379A300455F8C /* DisplayActOfKindnessViewController.swift */,
				FC34F82C2113A5A700455F8C /* DisplayComplimentViewController.swift */,
				FC3AD7142118FFD7003F41A3 /* DisplayAdviceViewController.swift */,
			);
			path = Controllers;
			sourceTree = "<group>";
		};
		FC4B79FD2105866F0066D359 /* Views */ = {
			isa = PBXGroup;
			children = (
				FC4B7A17210597630066D359 /* ListFavoritesTableViewCell.swift */,
				FC3AD716211A31A0003F41A3 /* DisplayEventDayCollectionViewCell.swift */,
			);
			path = Views;
			sourceTree = "<group>";
		};
		FC4B79FE210586740066D359 /* Models */ = {
			isa = PBXGroup;
			children = (
			);
			path = Models;
			sourceTree = "<group>";
		};
		FC4B7A1921064E310066D359 /* Helpers */ = {
			isa = PBXGroup;
			children = (
				FC4B7A1A21064E430066D359 /* CoreDataHelper.swift */,
				FC4B7A1C21068A6E0066D359 /* Alerts.swift */,
				FC34F82A2113870900455F8C /* CreateEvent.swift */,
			);
			path = Helpers;
			sourceTree = "<group>";
		};
		FCE152F721058299008682EB = {
			isa = PBXGroup;
			children = (
				FCE153022105829A008682EB /* LittleThings */,
				FCE153012105829A008682EB /* Products */,
				0F2735DEBBE6CA426AFDAA5C /* Pods */,
				40C4DF8C8CC3896E3A64697A /* Frameworks */,
			);
			sourceTree = "<group>";
		};
		FCE153012105829A008682EB /* Products */ = {
			isa = PBXGroup;
			children = (
				FCE153002105829A008682EB /* LittleThings.app */,
			);
			name = Products;
			sourceTree = "<group>";
		};
		FCE153022105829A008682EB /* LittleThings */ = {
			isa = PBXGroup;
			children = (
				FC34F82E2114DBA100455F8C /* Images */,
				FC4B7A1921064E310066D359 /* Helpers */,
				FC4B79FE210586740066D359 /* Models */,
				FC4B79FD2105866F0066D359 /* Views */,
				FC4B79FC210586600066D359 /* Controllers */,
				FC4B79FB2105865A0066D359 /* Storyboards */,
				FCE153032105829A008682EB /* AppDelegate.swift */,
				FCE1530D210582A7008682EB /* Assets.xcassets */,
				FCE15312210582A7008682EB /* Info.plist */,
				FC34F81B2110CEB500455F8C /* Fonts */,
				FC4B7A1E2107C7FA0066D359 /* GoogleService-Info.plist */,
				FCE1530A2105829A008682EB /* LittleThings.xcdatamodeld */,
			);
			path = LittleThings;
			sourceTree = "<group>";
		};
/* End PBXGroup section */

/* Begin PBXNativeTarget section */
		FCE152FF2105829A008682EB /* LittleThings */ = {
			isa = PBXNativeTarget;
			buildConfigurationList = FCE15315210582A7008682EB /* Build configuration list for PBXNativeTarget "LittleThings" */;
			buildPhases = (
				E2C9197A1F635E41D679DC47 /* [CP] Check Pods Manifest.lock */,
				FCE152FC2105829A008682EB /* Sources */,
				FCE152FD2105829A008682EB /* Frameworks */,
				FCE152FE2105829A008682EB /* Resources */,
				9D523CF36CB012D1AF494A28 /* [CP] Embed Pods Frameworks */,
				535B4A23DDDC999EC1D10229 /* [CP] Copy Pods Resources */,
			);
			buildRules = (
			);
			dependencies = (
			);
			name = LittleThings;
			productName = LittleThings;
			productReference = FCE153002105829A008682EB /* LittleThings.app */;
			productType = "com.apple.product-type.application";
		};
/* End PBXNativeTarget section */

/* Begin PBXProject section */
		FCE152F821058299008682EB /* Project object */ = {
			isa = PBXProject;
			attributes = {
				LastSwiftUpdateCheck = 0940;
				LastUpgradeCheck = 0940;
				ORGANIZATIONNAME = "Simone Chan";
				TargetAttributes = {
					FCE152FF2105829A008682EB = {
						CreatedOnToolsVersion = 9.4.1;
					};
				};
			};
			buildConfigurationList = FCE152FB2105829A008682EB /* Build configuration list for PBXProject "LittleThings" */;
			compatibilityVersion = "Xcode 9.3";
			developmentRegion = en;
			hasScannedForEncodings = 0;
			knownRegions = (
				en,
				Base,
			);
			mainGroup = FCE152F721058299008682EB;
			productRefGroup = FCE153012105829A008682EB /* Products */;
			projectDirPath = "";
			projectRoot = "";
			targets = (
				FCE152FF2105829A008682EB /* LittleThings */,
			);
		};
/* End PBXProject section */

/* Begin PBXResourcesBuildPhase section */
		FCE152FE2105829A008682EB /* Resources */ = {
			isa = PBXResourcesBuildPhase;
			buildActionMask = 2147483647;
			files = (
				FC3AD7112118C309003F41A3 /* Montserrat-Regular.ttf in Resources */,
				FC3AD70F2118C309003F41A3 /* Montserrat-Light.ttf in Resources */,
				FC3AD7102118C309003F41A3 /* Montserrat-Medium.ttf in Resources */,
				FC34F8222110D02C00455F8C /* Quicksand-Bold.ttf in Resources */,
				FCE15311210582A7008682EB /* LaunchScreen.storyboard in Resources */,
				FC3AD70E2118C309003F41A3 /* Montserrat-SemiBold.ttf in Resources */,
				FC34F8242110D02C00455F8C /* Quicksand-Medium.ttf in Resources */,
				FCE1530E210582A7008682EB /* Assets.xcassets in Resources */,
				FC4B7A1F2107C7FB0066D359 /* GoogleService-Info.plist in Resources */,
				FC34F8342115147C00455F8C /* vector-cloud-png.png in Resources */,
				FC34F81D2110CEE400455F8C /* LeckerliOne-Regular.ttf in Resources */,
				FC4B7A00210586BD0066D359 /* ActivitiesMain.storyboard in Resources */,
				FC3AD7132118C55C003F41A3 /* icons8-plus-24 (1).png in Resources */,
				FC3AD70D2118C309003F41A3 /* Montserrat-Bold.ttf in Resources */,
				FCE153092105829A008682EB /* Main.storyboard in Resources */,
				FC34F8232110D02C00455F8C /* Quicksand-Light.ttf in Resources */,
				FC34F8252110D02C00455F8C /* Quicksand-Regular.ttf in Resources */,
			);
			runOnlyForDeploymentPostprocessing = 0;
		};
/* End PBXResourcesBuildPhase section */

/* Begin PBXShellScriptBuildPhase section */
		535B4A23DDDC999EC1D10229 /* [CP] Copy Pods Resources */ = {
			isa = PBXShellScriptBuildPhase;
			buildActionMask = 2147483647;
			files = (
			);
			inputPaths = (
				"${SRCROOT}/Pods/Target Support Files/Pods-LittleThings/Pods-LittleThings-resources.sh",
				"${PODS_CONFIGURATION_BUILD_DIR}/FirebaseUI/FirebaseAuthUI.bundle",
				"${PODS_CONFIGURATION_BUILD_DIR}/FirebaseUI/FirebaseFacebookAuthUI.bundle",
				"${PODS_CONFIGURATION_BUILD_DIR}/FirebaseUI/FirebaseGoogleAuthUI.bundle",
				"${PODS_CONFIGURATION_BUILD_DIR}/FirebaseUI/FirebasePhoneAuthUI.bundle",
				"${PODS_CONFIGURATION_BUILD_DIR}/FirebaseUI/FirebaseTwitterAuthUI.bundle",
				"${PODS_ROOT}/GoogleSignIn/Resources/GoogleSignIn.bundle",
				"${PODS_ROOT}/TwitterKit/iOS/TwitterKit.framework/TwitterKitResources.bundle",
			);
			name = "[CP] Copy Pods Resources";
			outputPaths = (
				"${TARGET_BUILD_DIR}/${UNLOCALIZED_RESOURCES_FOLDER_PATH}/FirebaseAuthUI.bundle",
				"${TARGET_BUILD_DIR}/${UNLOCALIZED_RESOURCES_FOLDER_PATH}/FirebaseFacebookAuthUI.bundle",
				"${TARGET_BUILD_DIR}/${UNLOCALIZED_RESOURCES_FOLDER_PATH}/FirebaseGoogleAuthUI.bundle",
				"${TARGET_BUILD_DIR}/${UNLOCALIZED_RESOURCES_FOLDER_PATH}/FirebasePhoneAuthUI.bundle",
				"${TARGET_BUILD_DIR}/${UNLOCALIZED_RESOURCES_FOLDER_PATH}/FirebaseTwitterAuthUI.bundle",
				"${TARGET_BUILD_DIR}/${UNLOCALIZED_RESOURCES_FOLDER_PATH}/GoogleSignIn.bundle",
				"${TARGET_BUILD_DIR}/${UNLOCALIZED_RESOURCES_FOLDER_PATH}/TwitterKitResources.bundle",
			);
			runOnlyForDeploymentPostprocessing = 0;
			shellPath = /bin/sh;
			shellScript = "\"${SRCROOT}/Pods/Target Support Files/Pods-LittleThings/Pods-LittleThings-resources.sh\"\n";
			showEnvVarsInLog = 0;
		};
		9D523CF36CB012D1AF494A28 /* [CP] Embed Pods Frameworks */ = {
			isa = PBXShellScriptBuildPhase;
			buildActionMask = 2147483647;
			files = (
			);
			inputPaths = (
				"${SRCROOT}/Pods/Target Support Files/Pods-LittleThings/Pods-LittleThings-frameworks.sh",
				"${BUILT_PRODUCTS_DIR}/Alamofire/Alamofire.framework",
				"${BUILT_PRODUCTS_DIR}/Bolts/Bolts.framework",
				"${BUILT_PRODUCTS_DIR}/BoringSSL/openssl.framework",
				"${BUILT_PRODUCTS_DIR}/FBSDKCoreKit/FBSDKCoreKit.framework",
				"${BUILT_PRODUCTS_DIR}/FBSDKLoginKit/FBSDKLoginKit.framework",
				"${BUILT_PRODUCTS_DIR}/GTMOAuth2/GTMOAuth2.framework",
				"${BUILT_PRODUCTS_DIR}/GTMSessionFetcher/GTMSessionFetcher.framework",
				"${BUILT_PRODUCTS_DIR}/GoogleToolboxForMac/GoogleToolboxForMac.framework",
				"${BUILT_PRODUCTS_DIR}/Protobuf/Protobuf.framework",
				"${BUILT_PRODUCTS_DIR}/SDWebImage/SDWebImage.framework",
				"${PODS_ROOT}/TwitterCore/iOS/TwitterCore.framework",
				"${PODS_ROOT}/TwitterKit/iOS/TwitterKit.framework",
				"${BUILT_PRODUCTS_DIR}/gRPC/GRPCClient.framework",
				"${BUILT_PRODUCTS_DIR}/gRPC-Core/grpc.framework",
				"${BUILT_PRODUCTS_DIR}/gRPC-ProtoRPC/ProtoRPC.framework",
				"${BUILT_PRODUCTS_DIR}/gRPC-RxLibrary/RxLibrary.framework",
				"${BUILT_PRODUCTS_DIR}/leveldb-library/leveldb.framework",
				"${BUILT_PRODUCTS_DIR}/nanopb/nanopb.framework",
			);
			name = "[CP] Embed Pods Frameworks";
			outputPaths = (
				"${TARGET_BUILD_DIR}/${FRAMEWORKS_FOLDER_PATH}/Alamofire.framework",
				"${TARGET_BUILD_DIR}/${FRAMEWORKS_FOLDER_PATH}/Bolts.framework",
				"${TARGET_BUILD_DIR}/${FRAMEWORKS_FOLDER_PATH}/openssl.framework",
				"${TARGET_BUILD_DIR}/${FRAMEWORKS_FOLDER_PATH}/FBSDKCoreKit.framework",
				"${TARGET_BUILD_DIR}/${FRAMEWORKS_FOLDER_PATH}/FBSDKLoginKit.framework",
				"${TARGET_BUILD_DIR}/${FRAMEWORKS_FOLDER_PATH}/GTMOAuth2.framework",
				"${TARGET_BUILD_DIR}/${FRAMEWORKS_FOLDER_PATH}/GTMSessionFetcher.framework",
				"${TARGET_BUILD_DIR}/${FRAMEWORKS_FOLDER_PATH}/GoogleToolboxForMac.framework",
				"${TARGET_BUILD_DIR}/${FRAMEWORKS_FOLDER_PATH}/Protobuf.framework",
				"${TARGET_BUILD_DIR}/${FRAMEWORKS_FOLDER_PATH}/SDWebImage.framework",
				"${TARGET_BUILD_DIR}/${FRAMEWORKS_FOLDER_PATH}/TwitterCore.framework",
				"${TARGET_BUILD_DIR}/${FRAMEWORKS_FOLDER_PATH}/TwitterKit.framework",
				"${TARGET_BUILD_DIR}/${FRAMEWORKS_FOLDER_PATH}/GRPCClient.framework",
				"${TARGET_BUILD_DIR}/${FRAMEWORKS_FOLDER_PATH}/grpc.framework",
				"${TARGET_BUILD_DIR}/${FRAMEWORKS_FOLDER_PATH}/ProtoRPC.framework",
				"${TARGET_BUILD_DIR}/${FRAMEWORKS_FOLDER_PATH}/RxLibrary.framework",
				"${TARGET_BUILD_DIR}/${FRAMEWORKS_FOLDER_PATH}/leveldb.framework",
				"${TARGET_BUILD_DIR}/${FRAMEWORKS_FOLDER_PATH}/nanopb.framework",
			);
			runOnlyForDeploymentPostprocessing = 0;
			shellPath = /bin/sh;
			shellScript = "\"${SRCROOT}/Pods/Target Support Files/Pods-LittleThings/Pods-LittleThings-frameworks.sh\"\n";
			showEnvVarsInLog = 0;
		};
		E2C9197A1F635E41D679DC47 /* [CP] Check Pods Manifest.lock */ = {
			isa = PBXShellScriptBuildPhase;
			buildActionMask = 2147483647;
			files = (
			);
			inputPaths = (
				"${PODS_PODFILE_DIR_PATH}/Podfile.lock",
				"${PODS_ROOT}/Manifest.lock",
			);
			name = "[CP] Check Pods Manifest.lock";
			outputPaths = (
				"$(DERIVED_FILE_DIR)/Pods-LittleThings-checkManifestLockResult.txt",
			);
			runOnlyForDeploymentPostprocessing = 0;
			shellPath = /bin/sh;
			shellScript = "diff \"${PODS_PODFILE_DIR_PATH}/Podfile.lock\" \"${PODS_ROOT}/Manifest.lock\" > /dev/null\nif [ $? != 0 ] ; then\n    # print error to STDERR\n    echo \"error: The sandbox is not in sync with the Podfile.lock. Run 'pod install' or update your CocoaPods installation.\" >&2\n    exit 1\nfi\n# This output is used by Xcode 'outputs' to avoid re-running this script phase.\necho \"SUCCESS\" > \"${SCRIPT_OUTPUT_FILE_0}\"\n";
			showEnvVarsInLog = 0;
		};
/* End PBXShellScriptBuildPhase section */

/* Begin PBXSourcesBuildPhase section */
		FCE152FC2105829A008682EB /* Sources */ = {
			isa = PBXSourcesBuildPhase;
			buildActionMask = 2147483647;
			files = (
				FC4B7A06210587E90066D359 /* DisplayEventViewController.swift in Sources */,
				FC34F829211379A400455F8C /* DisplayActOfKindnessViewController.swift in Sources */,
				FC34F82D2113A5A700455F8C /* DisplayComplimentViewController.swift in Sources */,
				FC34F82B2113870900455F8C /* CreateEvent.swift in Sources */,
				FC34F8272111240800455F8C /* DisplayFavoritedDayViewController.swift in Sources */,
				FC4B7A02210587020066D359 /* MainViewController.swift in Sources */,
				FC4B7A0A210595840066D359 /* ActivitiesMainViewController.swift in Sources */,
				FCE153042105829A008682EB /* AppDelegate.swift in Sources */,
				FC4B7A18210597630066D359 /* ListFavoritesTableViewCell.swift in Sources */,
				FC34F818210FD82300455F8C /* FavoritesTableViewController.swift in Sources */,
				FC3AD7152118FFD7003F41A3 /* DisplayAdviceViewController.swift in Sources */,
				FCE1530C2105829A008682EB /* LittleThings.xcdatamodeld in Sources */,
				FC4B7A1D21068A6E0066D359 /* Alerts.swift in Sources */,
				FC4B7A1B21064E430066D359 /* CoreDataHelper.swift in Sources */,
				FC4B7A082105956C0066D359 /* EventDayViewController.swift in Sources */,
				FC3AD717211A31A0003F41A3 /* DisplayEventDayCollectionViewCell.swift in Sources */,
			);
			runOnlyForDeploymentPostprocessing = 0;
		};
/* End PBXSourcesBuildPhase section */

/* Begin PBXVariantGroup section */
		FCE153072105829A008682EB /* Main.storyboard */ = {
			isa = PBXVariantGroup;
			children = (
				FCE153082105829A008682EB /* Base */,
			);
			name = Main.storyboard;
			sourceTree = "<group>";
		};
		FCE1530F210582A7008682EB /* LaunchScreen.storyboard */ = {
			isa = PBXVariantGroup;
			children = (
				FCE15310210582A7008682EB /* Base */,
			);
			name = LaunchScreen.storyboard;
			sourceTree = "<group>";
		};
/* End PBXVariantGroup section */

/* Begin XCBuildConfiguration section */
		FCE15313210582A7008682EB /* Debug */ = {
			isa = XCBuildConfiguration;
			buildSettings = {
				ALWAYS_SEARCH_USER_PATHS = NO;
				CLANG_ANALYZER_NONNULL = YES;
				CLANG_ANALYZER_NUMBER_OBJECT_CONVERSION = YES_AGGRESSIVE;
				CLANG_CXX_LANGUAGE_STANDARD = "gnu++14";
				CLANG_CXX_LIBRARY = "libc++";
				CLANG_ENABLE_MODULES = YES;
				CLANG_ENABLE_OBJC_ARC = YES;
				CLANG_ENABLE_OBJC_WEAK = YES;
				CLANG_WARN_BLOCK_CAPTURE_AUTORELEASING = YES;
				CLANG_WARN_BOOL_CONVERSION = YES;
				CLANG_WARN_COMMA = YES;
				CLANG_WARN_CONSTANT_CONVERSION = YES;
				CLANG_WARN_DEPRECATED_OBJC_IMPLEMENTATIONS = YES;
				CLANG_WARN_DIRECT_OBJC_ISA_USAGE = YES_ERROR;
				CLANG_WARN_DOCUMENTATION_COMMENTS = YES;
				CLANG_WARN_EMPTY_BODY = YES;
				CLANG_WARN_ENUM_CONVERSION = YES;
				CLANG_WARN_INFINITE_RECURSION = YES;
				CLANG_WARN_INT_CONVERSION = YES;
				CLANG_WARN_NON_LITERAL_NULL_CONVERSION = YES;
				CLANG_WARN_OBJC_IMPLICIT_RETAIN_SELF = YES;
				CLANG_WARN_OBJC_LITERAL_CONVERSION = YES;
				CLANG_WARN_OBJC_ROOT_CLASS = YES_ERROR;
				CLANG_WARN_RANGE_LOOP_ANALYSIS = YES;
				CLANG_WARN_STRICT_PROTOTYPES = YES;
				CLANG_WARN_SUSPICIOUS_MOVE = YES;
				CLANG_WARN_UNGUARDED_AVAILABILITY = YES_AGGRESSIVE;
				CLANG_WARN_UNREACHABLE_CODE = YES;
				CLANG_WARN__DUPLICATE_METHOD_MATCH = YES;
				CODE_SIGN_IDENTITY = "iPhone Developer";
				COPY_PHASE_STRIP = NO;
				DEBUG_INFORMATION_FORMAT = dwarf;
				ENABLE_STRICT_OBJC_MSGSEND = YES;
				ENABLE_TESTABILITY = YES;
				GCC_C_LANGUAGE_STANDARD = gnu11;
				GCC_DYNAMIC_NO_PIC = NO;
				GCC_NO_COMMON_BLOCKS = YES;
				GCC_OPTIMIZATION_LEVEL = 0;
				GCC_PREPROCESSOR_DEFINITIONS = (
					"DEBUG=1",
					"$(inherited)",
				);
				GCC_WARN_64_TO_32_BIT_CONVERSION = YES;
				GCC_WARN_ABOUT_RETURN_TYPE = YES_ERROR;
				GCC_WARN_UNDECLARED_SELECTOR = YES;
				GCC_WARN_UNINITIALIZED_AUTOS = YES_AGGRESSIVE;
				GCC_WARN_UNUSED_FUNCTION = YES;
				GCC_WARN_UNUSED_VARIABLE = YES;
				IPHONEOS_DEPLOYMENT_TARGET = 11.4;
				MTL_ENABLE_DEBUG_INFO = YES;
				ONLY_ACTIVE_ARCH = YES;
				SDKROOT = iphoneos;
				SWIFT_ACTIVE_COMPILATION_CONDITIONS = DEBUG;
				SWIFT_OPTIMIZATION_LEVEL = "-Onone";
			};
			name = Debug;
		};
		FCE15314210582A7008682EB /* Release */ = {
			isa = XCBuildConfiguration;
			buildSettings = {
				ALWAYS_SEARCH_USER_PATHS = NO;
				CLANG_ANALYZER_NONNULL = YES;
				CLANG_ANALYZER_NUMBER_OBJECT_CONVERSION = YES_AGGRESSIVE;
				CLANG_CXX_LANGUAGE_STANDARD = "gnu++14";
				CLANG_CXX_LIBRARY = "libc++";
				CLANG_ENABLE_MODULES = YES;
				CLANG_ENABLE_OBJC_ARC = YES;
				CLANG_ENABLE_OBJC_WEAK = YES;
				CLANG_WARN_BLOCK_CAPTURE_AUTORELEASING = YES;
				CLANG_WARN_BOOL_CONVERSION = YES;
				CLANG_WARN_COMMA = YES;
				CLANG_WARN_CONSTANT_CONVERSION = YES;
				CLANG_WARN_DEPRECATED_OBJC_IMPLEMENTATIONS = YES;
				CLANG_WARN_DIRECT_OBJC_ISA_USAGE = YES_ERROR;
				CLANG_WARN_DOCUMENTATION_COMMENTS = YES;
				CLANG_WARN_EMPTY_BODY = YES;
				CLANG_WARN_ENUM_CONVERSION = YES;
				CLANG_WARN_INFINITE_RECURSION = YES;
				CLANG_WARN_INT_CONVERSION = YES;
				CLANG_WARN_NON_LITERAL_NULL_CONVERSION = YES;
				CLANG_WARN_OBJC_IMPLICIT_RETAIN_SELF = YES;
				CLANG_WARN_OBJC_LITERAL_CONVERSION = YES;
				CLANG_WARN_OBJC_ROOT_CLASS = YES_ERROR;
				CLANG_WARN_RANGE_LOOP_ANALYSIS = YES;
				CLANG_WARN_STRICT_PROTOTYPES = YES;
				CLANG_WARN_SUSPICIOUS_MOVE = YES;
				CLANG_WARN_UNGUARDED_AVAILABILITY = YES_AGGRESSIVE;
				CLANG_WARN_UNREACHABLE_CODE = YES;
				CLANG_WARN__DUPLICATE_METHOD_MATCH = YES;
				CODE_SIGN_IDENTITY = "iPhone Developer";
				COPY_PHASE_STRIP = NO;
				DEBUG_INFORMATION_FORMAT = "dwarf-with-dsym";
				ENABLE_NS_ASSERTIONS = NO;
				ENABLE_STRICT_OBJC_MSGSEND = YES;
				GCC_C_LANGUAGE_STANDARD = gnu11;
				GCC_NO_COMMON_BLOCKS = YES;
				GCC_WARN_64_TO_32_BIT_CONVERSION = YES;
				GCC_WARN_ABOUT_RETURN_TYPE = YES_ERROR;
				GCC_WARN_UNDECLARED_SELECTOR = YES;
				GCC_WARN_UNINITIALIZED_AUTOS = YES_AGGRESSIVE;
				GCC_WARN_UNUSED_FUNCTION = YES;
				GCC_WARN_UNUSED_VARIABLE = YES;
				IPHONEOS_DEPLOYMENT_TARGET = 11.4;
				MTL_ENABLE_DEBUG_INFO = NO;
				SDKROOT = iphoneos;
				SWIFT_COMPILATION_MODE = wholemodule;
				SWIFT_OPTIMIZATION_LEVEL = "-O";
				VALIDATE_PRODUCT = YES;
			};
			name = Release;
		};
		FCE15316210582A7008682EB /* Debug */ = {
			isa = XCBuildConfiguration;
			baseConfigurationReference = 59B4E1E67720E2845ADC1762 /* Pods-LittleThings.debug.xcconfig */;
			buildSettings = {
				ASSETCATALOG_COMPILER_APPICON_NAME = AppIcon;
				CODE_SIGN_STYLE = Automatic;
				DEVELOPMENT_TEAM = 96FN5M759B;
				INFOPLIST_FILE = LittleThings/Info.plist;
				IPHONEOS_DEPLOYMENT_TARGET = 11.3;
				LD_RUNPATH_SEARCH_PATHS = (
					"$(inherited)",
					"@executable_path/Frameworks",
				);
				PRODUCT_BUNDLE_IDENTIFIER = MakeSchool.LittleThings;
				PRODUCT_NAME = "$(TARGET_NAME)";
				SWIFT_VERSION = 4.0;
				TARGETED_DEVICE_FAMILY = "1,2";
			};
			name = Debug;
		};
		FCE15317210582A7008682EB /* Release */ = {
			isa = XCBuildConfiguration;
			baseConfigurationReference = 5B8E6826D2682BC9C4A68098 /* Pods-LittleThings.release.xcconfig */;
			buildSettings = {
				ASSETCATALOG_COMPILER_APPICON_NAME = AppIcon;
				CODE_SIGN_STYLE = Automatic;
				DEVELOPMENT_TEAM = 96FN5M759B;
				INFOPLIST_FILE = LittleThings/Info.plist;
				IPHONEOS_DEPLOYMENT_TARGET = 11.3;
				LD_RUNPATH_SEARCH_PATHS = (
					"$(inherited)",
					"@executable_path/Frameworks",
				);
				PRODUCT_BUNDLE_IDENTIFIER = MakeSchool.LittleThings;
				PRODUCT_NAME = "$(TARGET_NAME)";
				SWIFT_VERSION = 4.0;
				TARGETED_DEVICE_FAMILY = "1,2";
			};
			name = Release;
		};
/* End XCBuildConfiguration section */

/* Begin XCConfigurationList section */
		FCE152FB2105829A008682EB /* Build configuration list for PBXProject "LittleThings" */ = {
			isa = XCConfigurationList;
			buildConfigurations = (
				FCE15313210582A7008682EB /* Debug */,
				FCE15314210582A7008682EB /* Release */,
			);
			defaultConfigurationIsVisible = 0;
			defaultConfigurationName = Release;
		};
		FCE15315210582A7008682EB /* Build configuration list for PBXNativeTarget "LittleThings" */ = {
			isa = XCConfigurationList;
			buildConfigurations = (
				FCE15316210582A7008682EB /* Debug */,
				FCE15317210582A7008682EB /* Release */,
			);
			defaultConfigurationIsVisible = 0;
			defaultConfigurationName = Release;
		};
/* End XCConfigurationList section */

/* Begin XCVersionGroup section */
		FCE1530A2105829A008682EB /* LittleThings.xcdatamodeld */ = {
			isa = XCVersionGroup;
			children = (
				FCE1530B2105829A008682EB /* LittleThings.xcdatamodel */,
			);
			currentVersion = FCE1530B2105829A008682EB /* LittleThings.xcdatamodel */;
			path = LittleThings.xcdatamodeld;
			sourceTree = "<group>";
			versionGroupType = wrapper.xcdatamodel;
		};
/* End XCVersionGroup section */
	};
	rootObject = FCE152F821058299008682EB /* Project object */;
}
